
Microsoft Visual Studio Solution File, Format Version 10.00
# Visual Studio 2008
Project("{D2ABAB84-BF74-430A-B69E-9DC6D40DDA17}") = "FoodMart 2008", "FoodMart 2008\FoodMart 2008.dwproj", "{DA2621EE-B6EF-4F56-B3A8-1D9B6C860112}"
EndProject
Global
	GlobalSection(SolutionConfigurationPlatforms) = preSolution
		Development|Default = Development|Default
	EndGlobalSection
	GlobalSection(ProjectConfigurationPlatforms) = postSolution
		{DA2621EE-B6EF-4F56-B3A8-1D9B6C860112}.Development|Default.ActiveCfg = Development
		{DA2621EE-B6EF-4F56-B3A8-1D9B6C860112}.Development|Default.Build.0 = Development
		{DA2621EE-B6EF-4F56-B3A8-1D9B6C860112}.Development|Default.Deploy.0 = Development
	EndGlobalSection
	GlobalSection(SolutionProperties) = preSolution
		HideSolutionNode = FALSE
	EndGlobalSection
EndGlobal
